
Microsoft Visual Studio Solution File, Format Version 12.00
# Visual Studio Version 16
VisualStudioVersion = 16.0.31729.503
MinimumVisualStudioVersion = 10.0.40219.1
Project("{FAE04EC0-301F-11D3-BF4B-00C04F79EFBC}") = "task5", "task5\task5.csproj", "{BEADB76B-BF17-4789-9018-1B7096797794}"
EndProject
Global
	GlobalSection(SolutionConfigurationPlatforms) = preSolution
		Debug|Any CPU = Debug|Any CPU
		Release|Any CPU = Release|Any CPU
	EndGlobalSection
	GlobalSection(ProjectConfigurationPlatforms) = postSolution
		{BEADB76B-BF17-4789-9018-1B7096797794}.Debug|Any CPU.ActiveCfg = Debug|Any CPU
		{BEADB76B-BF17-4789-9018-1B7096797794}.Debug|Any CPU.Build.0 = Debug|Any CPU
		{BEADB76B-BF17-4789-9018-1B7096797794}.Release|Any CPU.ActiveCfg = Release|Any CPU
		{BEADB76B-BF17-4789-9018-1B7096797794}.Release|Any CPU.Build.0 = Release|Any CPU
	EndGlobalSection
	GlobalSection(SolutionProperties) = preSolution
		HideSolutionNode = FALSE
	EndGlobalSection
	GlobalSection(ExtensibilityGlobals) = postSolution
		SolutionGuid = {07D71B9A-A18D-4382-9AFA-3699E82444CB}
	EndGlobalSection
EndGlobal
